
Microsoft Visual Studio Solution File, Format Version 12.00
# Visual Studio Version 17
VisualStudioVersion = 17.11.35327.3
MinimumVisualStudioVersion = 10.0.40219.1
Project("{FAE04EC0-301F-11D3-BF4B-00C04F79EFBC}") = "TestArray", "TestArray\TestArray.csproj", "{0A0306B6-CA7B-468F-A21B-83196A5FA8AE}"
EndProject
Global
	GlobalSection(SolutionConfigurationPlatforms) = preSolution
		Debug|Any CPU = Debug|Any CPU
		Release|Any CPU = Release|Any CPU
	EndGlobalSection
	GlobalSection(ProjectConfigurationPlatforms) = postSolution
		{0A0306B6-CA7B-468F-A21B-83196A5FA8AE}.Debug|Any CPU.ActiveCfg = Debug|Any CPU
		{0A0306B6-CA7B-468F-A21B-83196A5FA8AE}.Debug|Any CPU.Build.0 = Debug|Any CPU
		{0A0306B6-CA7B-468F-A21B-83196A5FA8AE}.Release|Any CPU.ActiveCfg = Release|Any CPU
		{0A0306B6-CA7B-468F-A21B-83196A5FA8AE}.Release|Any CPU.Build.0 = Release|Any CPU
	EndGlobalSection
	GlobalSection(SolutionProperties) = preSolution
		HideSolutionNode = FALSE
	EndGlobalSection
	GlobalSection(ExtensibilityGlobals) = postSolution
		SolutionGuid = {14C99076-B27A-4D10-995A-326DA54904F9}
	EndGlobalSection
EndGlobal
